
Microsoft Visual Studio Solution File, Format Version 12.00
# Visual Studio 15
VisualStudioVersion = 15.0.26124.0
MinimumVisualStudioVersion = 15.0.26124.0
Project("{2150E333-8FDC-42A3-9474-1A3956D46DE8}") = "Solution Items", "Solution Items", "{032C45BB-917C-4AEA-812C-1E84D1F43C3F}"
	ProjectSection(SolutionItems) = preProject
		docker-compose.yml = docker-compose.yml
	EndProjectSection
EndProject
Project("{2150E333-8FDC-42A3-9474-1A3956D46DE8}") = "UserService", "UserService", "{ED469320-654F-407C-A98B-742101F53B43}"
EndProject
Project("{FAE04EC0-301F-11D3-BF4B-00C04F79EFBC}") = "UserService", "UserService\src\UserService.csproj", "{B159A631-B4B0-4B5D-B7DB-EF847F2B2FFF}"
EndProject
Project("{2150E333-8FDC-42A3-9474-1A3956D46DE8}") = "StatisticService", "StatisticService", "{5CA2E9B8-C208-4374-8C81-AE640FE52F7B}"
EndProject
Project("{FAE04EC0-301F-11D3-BF4B-00C04F79EFBC}") = "UserService.IntegrationTests", "UserService\tests\UserService.IntegrationTests\UserService.IntegrationTests.csproj", "{9802D9C1-C51F-475A-AC5F-A4013C407735}"
EndProject
Project("{FAE04EC0-301F-11D3-BF4B-00C04F79EFBC}") = "StatisticsService", "StatisticsService\src\StatisticsService.csproj", "{A7ADC9CD-9D39-44C4-A8AB-C6ABF21DC3E7}"
EndProject
Project("{FAE04EC0-301F-11D3-BF4B-00C04F79EFBC}") = "StatisticsService.IntegrationTests", "StatisticsService\tests\StatisticsService.IntegrationTests\StatisticsService.IntegrationTests.csproj", "{005D1631-DA06-4C3B-8E0D-06B7F0D2FCC6}"
EndProject
Project("{2150E333-8FDC-42A3-9474-1A3956D46DE8}") = "InvoicingService", "InvoicingService", "{999AEAAE-30FE-459C-AAD5-E1178BA14100}"
EndProject
Project("{2150E333-8FDC-42A3-9474-1A3956D46DE8}") = "PaymentsService", "PaymentsService", "{7F93D323-0AE0-4D50-A160-1E1362C2543E}"
EndProject
Project("{2150E333-8FDC-42A3-9474-1A3956D46DE8}") = "APIGateway", "APIGateway", "{6506D120-FE91-4D2E-AA6E-21F8555DF1A9}"
EndProject
Project("{2150E333-8FDC-42A3-9474-1A3956D46DE8}") = "AuthenticationService", "AuthenticationService", "{DD1EC1F5-69FB-4F94-AD95-DC55A17F5DEF}"
EndProject
Project("{2150E333-8FDC-42A3-9474-1A3956D46DE8}") = "ClientsService", "ClientsService", "{39453D85-5362-41FA-A9C5-2F3BC4AFB79B}"
EndProject
Project("{2150E333-8FDC-42A3-9474-1A3956D46DE8}") = "ConfigurationService", "ConfigurationService", "{CBDB1752-3FB5-4A31-98C1-6BD74C37DAA4}"
EndProject
Project("{2150E333-8FDC-42A3-9474-1A3956D46DE8}") = "NotificationsService", "NotificationsService", "{5FCA41F8-56C6-485F-80D5-C7F0D62FE8AA}"
EndProject
Project("{2150E333-8FDC-42A3-9474-1A3956D46DE8}") = "ProjectsService", "ProjectsService", "{38897160-414A-4E96-BF6C-4334AF527A3C}"
EndProject
Project("{2150E333-8FDC-42A3-9474-1A3956D46DE8}") = "Invoicer.Common", "Invoicer.Common", "{64FBAF80-5CA9-4692-A1CF-688901C75B2C}"
EndProject
Project("{2150E333-8FDC-42A3-9474-1A3956D46DE8}") = "ContractsService", "ContractsService", "{D99365D7-8276-4F61-9FF6-631721B22741}"
EndProject
Project("{FAE04EC0-301F-11D3-BF4B-00C04F79EFBC}") = "APIGateway", "APIGateway\src\APIGateway.csproj", "{7A193166-4539-4201-A136-EA8A2E2D9055}"
EndProject
Project("{FAE04EC0-301F-11D3-BF4B-00C04F79EFBC}") = "AuthenticationService", "AuthenticationService\src\AuthenticationService.csproj", "{28CD198E-7E3B-4097-B24F-E41AFB3E5003}"
EndProject
Project("{FAE04EC0-301F-11D3-BF4B-00C04F79EFBC}") = "APIGateway.IntegrationTests", "APIGateway\tests\APIGateway.IntegrationTests\APIGateway.IntegrationTests.csproj", "{21CF01F0-A660-4B36-9D7D-8B4AE1C4954C}"
EndProject
Project("{FAE04EC0-301F-11D3-BF4B-00C04F79EFBC}") = "AuthenticationService.IntegrationTests", "AuthenticationService\tests\AuthenticationService.IntegrationTests\AuthenticationService.IntegrationTests.csproj", "{B3D337F1-6056-4391-AC1F-24B5680CC092}"
EndProject
Project("{FAE04EC0-301F-11D3-BF4B-00C04F79EFBC}") = "ClientsService", "ClientsService\src\ClientsService.csproj", "{E32CA07A-FBBB-483B-8F9E-E2698E36D042}"
EndProject
Project("{FAE04EC0-301F-11D3-BF4B-00C04F79EFBC}") = "ClientsService.IntegrationTests", "ClientsService\tests\ClientsService.IntegrationTests\ClientsService.IntegrationTests.csproj", "{02611041-8904-4379-8B42-C3F275E6D750}"
EndProject
Project("{FAE04EC0-301F-11D3-BF4B-00C04F79EFBC}") = "ConfigurationService", "ConfigurationService\src\ConfigurationService.csproj", "{798C6056-F029-4739-BA32-307F543612C3}"
EndProject
Project("{FAE04EC0-301F-11D3-BF4B-00C04F79EFBC}") = "ConfigurationService.IntegrationTests", "ConfigurationService\tests\ConfigurationService.IntegrationTests\ConfigurationService.IntegrationTests.csproj", "{6BA33FB1-5B1C-42FD-AA36-5E0D4C1ED8F4}"
EndProject
Project("{FAE04EC0-301F-11D3-BF4B-00C04F79EFBC}") = "Invoicer.Common", "Invoicer.Common\src\Invoicer.Common.csproj", "{C2074E62-5845-4C85-A224-CA2ED08C47CE}"
EndProject
Project("{FAE04EC0-301F-11D3-BF4B-00C04F79EFBC}") = "Invoicer.Common.Tests", "Invoicer.Common\tests\Invoicer.Common.Tests\Invoicer.Common.Tests.csproj", "{7BC980B9-882F-4191-A64B-B811469192F2}"
EndProject
Project("{FAE04EC0-301F-11D3-BF4B-00C04F79EFBC}") = "InvoicingService", "InvoicingService\src\InvoicingService.csproj", "{2C128F78-892C-4A9C-B4C9-41A4FC7EAFB9}"
EndProject
Project("{FAE04EC0-301F-11D3-BF4B-00C04F79EFBC}") = "InvoicingService.IntegrationTests", "InvoicingService\InvoicingService.IntegrationTests\InvoicingService.IntegrationTests.csproj", "{110038DF-DB33-401F-A112-B9FE43184A71}"
EndProject
Project("{FAE04EC0-301F-11D3-BF4B-00C04F79EFBC}") = "ProjectsService", "ProjectsService\src\ProjectsService.csproj", "{8E9E32E8-39C7-41FA-B25C-568026AD5AB4}"
EndProject
Project("{FAE04EC0-301F-11D3-BF4B-00C04F79EFBC}") = "ProjectsService.IntegrationTests", "ProjectsService\tests\ProjectsService.IntegrationTests\ProjectsService.IntegrationTests.csproj", "{C8D28589-8AB6-4E34-A370-5CC838BF2736}"
EndProject
Project("{FAE04EC0-301F-11D3-BF4B-00C04F79EFBC}") = "NotificationsService.IntegrationTests", "NotificationsService\tests\NotificationsService.IntegrationTests\NotificationsService.IntegrationTests.csproj", "{18F8BAD2-3F5C-4D49-89D6-C91A69220704}"
EndProject
Project("{FAE04EC0-301F-11D3-BF4B-00C04F79EFBC}") = "PaymentsService", "PaymentsService\src\PaymentsService.csproj", "{C0A970D3-23B2-4AC3-8B52-8A621E433730}"
EndProject
Project("{FAE04EC0-301F-11D3-BF4B-00C04F79EFBC}") = "PaymentsService.IntegrationTests", "PaymentsService\tests\PaymentsService.IntegrationTests\PaymentsService.IntegrationTests.csproj", "{324AF994-C11C-44A4-A5DC-8557844922A9}"
EndProject
Project("{FAE04EC0-301F-11D3-BF4B-00C04F79EFBC}") = "NotificationsService", "NotificationsService\src\NotificationsService.csproj", "{BC52AACF-FA89-40F6-B35D-3C34D50A61A5}"
EndProject
Global
	GlobalSection(SolutionConfigurationPlatforms) = preSolution
		Debug|Any CPU = Debug|Any CPU
		Debug|x64 = Debug|x64
		Debug|x86 = Debug|x86
		Release|Any CPU = Release|Any CPU
		Release|x64 = Release|x64
		Release|x86 = Release|x86
	EndGlobalSection
	GlobalSection(SolutionProperties) = preSolution
		HideSolutionNode = FALSE
	EndGlobalSection
	GlobalSection(ProjectConfigurationPlatforms) = postSolution
		{B159A631-B4B0-4B5D-B7DB-EF847F2B2FFF}.Debug|Any CPU.ActiveCfg = Debug|Any CPU
		{B159A631-B4B0-4B5D-B7DB-EF847F2B2FFF}.Debug|Any CPU.Build.0 = Debug|Any CPU
		{B159A631-B4B0-4B5D-B7DB-EF847F2B2FFF}.Debug|x64.ActiveCfg = Debug|Any CPU
		{B159A631-B4B0-4B5D-B7DB-EF847F2B2FFF}.Debug|x64.Build.0 = Debug|Any CPU
		{B159A631-B4B0-4B5D-B7DB-EF847F2B2FFF}.Debug|x86.ActiveCfg = Debug|Any CPU
		{B159A631-B4B0-4B5D-B7DB-EF847F2B2FFF}.Debug|x86.Build.0 = Debug|Any CPU
		{B159A631-B4B0-4B5D-B7DB-EF847F2B2FFF}.Release|Any CPU.ActiveCfg = Release|Any CPU
		{B159A631-B4B0-4B5D-B7DB-EF847F2B2FFF}.Release|Any CPU.Build.0 = Release|Any CPU
		{B159A631-B4B0-4B5D-B7DB-EF847F2B2FFF}.Release|x64.ActiveCfg = Release|Any CPU
		{B159A631-B4B0-4B5D-B7DB-EF847F2B2FFF}.Release|x64.Build.0 = Release|Any CPU
		{B159A631-B4B0-4B5D-B7DB-EF847F2B2FFF}.Release|x86.ActiveCfg = Release|Any CPU
		{B159A631-B4B0-4B5D-B7DB-EF847F2B2FFF}.Release|x86.Build.0 = Release|Any CPU
		{9802D9C1-C51F-475A-AC5F-A4013C407735}.Debug|Any CPU.ActiveCfg = Debug|Any CPU
		{9802D9C1-C51F-475A-AC5F-A4013C407735}.Debug|Any CPU.Build.0 = Debug|Any CPU
		{9802D9C1-C51F-475A-AC5F-A4013C407735}.Debug|x64.ActiveCfg = Debug|Any CPU
		{9802D9C1-C51F-475A-AC5F-A4013C407735}.Debug|x64.Build.0 = Debug|Any CPU
		{9802D9C1-C51F-475A-AC5F-A4013C407735}.Debug|x86.ActiveCfg = Debug|Any CPU
		{9802D9C1-C51F-475A-AC5F-A4013C407735}.Debug|x86.Build.0 = Debug|Any CPU
		{9802D9C1-C51F-475A-AC5F-A4013C407735}.Release|Any CPU.ActiveCfg = Release|Any CPU
		{9802D9C1-C51F-475A-AC5F-A4013C407735}.Release|Any CPU.Build.0 = Release|Any CPU
		{9802D9C1-C51F-475A-AC5F-A4013C407735}.Release|x64.ActiveCfg = Release|Any CPU
		{9802D9C1-C51F-475A-AC5F-A4013C407735}.Release|x64.Build.0 = Release|Any CPU
		{9802D9C1-C51F-475A-AC5F-A4013C407735}.Release|x86.ActiveCfg = Release|Any CPU
		{9802D9C1-C51F-475A-AC5F-A4013C407735}.Release|x86.Build.0 = Release|Any CPU
		{A7ADC9CD-9D39-44C4-A8AB-C6ABF21DC3E7}.Debug|Any CPU.ActiveCfg = Debug|Any CPU
		{A7ADC9CD-9D39-44C4-A8AB-C6ABF21DC3E7}.Debug|Any CPU.Build.0 = Debug|Any CPU
		{A7ADC9CD-9D39-44C4-A8AB-C6ABF21DC3E7}.Debug|x64.ActiveCfg = Debug|Any CPU
		{A7ADC9CD-9D39-44C4-A8AB-C6ABF21DC3E7}.Debug|x64.Build.0 = Debug|Any CPU
		{A7ADC9CD-9D39-44C4-A8AB-C6ABF21DC3E7}.Debug|x86.ActiveCfg = Debug|Any CPU
		{A7ADC9CD-9D39-44C4-A8AB-C6ABF21DC3E7}.Debug|x86.Build.0 = Debug|Any CPU
		{A7ADC9CD-9D39-44C4-A8AB-C6ABF21DC3E7}.Release|Any CPU.ActiveCfg = Release|Any CPU
		{A7ADC9CD-9D39-44C4-A8AB-C6ABF21DC3E7}.Release|Any CPU.Build.0 = Release|Any CPU
		{A7ADC9CD-9D39-44C4-A8AB-C6ABF21DC3E7}.Release|x64.ActiveCfg = Release|Any CPU
		{A7ADC9CD-9D39-44C4-A8AB-C6ABF21DC3E7}.Release|x64.Build.0 = Release|Any CPU
		{A7ADC9CD-9D39-44C4-A8AB-C6ABF21DC3E7}.Release|x86.ActiveCfg = Release|Any CPU
		{A7ADC9CD-9D39-44C4-A8AB-C6ABF21DC3E7}.Release|x86.Build.0 = Release|Any CPU
		{005D1631-DA06-4C3B-8E0D-06B7F0D2FCC6}.Debug|Any CPU.ActiveCfg = Debug|Any CPU
		{005D1631-DA06-4C3B-8E0D-06B7F0D2FCC6}.Debug|Any CPU.Build.0 = Debug|Any CPU
		{005D1631-DA06-4C3B-8E0D-06B7F0D2FCC6}.Debug|x64.ActiveCfg = Debug|Any CPU
		{005D1631-DA06-4C3B-8E0D-06B7F0D2FCC6}.Debug|x64.Build.0 = Debug|Any CPU
		{005D1631-DA06-4C3B-8E0D-06B7F0D2FCC6}.Debug|x86.ActiveCfg = Debug|Any CPU
		{005D1631-DA06-4C3B-8E0D-06B7F0D2FCC6}.Debug|x86.Build.0 = Debug|Any CPU
		{005D1631-DA06-4C3B-8E0D-06B7F0D2FCC6}.Release|Any CPU.ActiveCfg = Release|Any CPU
		{005D1631-DA06-4C3B-8E0D-06B7F0D2FCC6}.Release|Any CPU.Build.0 = Release|Any CPU
		{005D1631-DA06-4C3B-8E0D-06B7F0D2FCC6}.Release|x64.ActiveCfg = Release|Any CPU
		{005D1631-DA06-4C3B-8E0D-06B7F0D2FCC6}.Release|x64.Build.0 = Release|Any CPU
		{005D1631-DA06-4C3B-8E0D-06B7F0D2FCC6}.Release|x86.ActiveCfg = Release|Any CPU
		{005D1631-DA06-4C3B-8E0D-06B7F0D2FCC6}.Release|x86.Build.0 = Release|Any CPU
		{7A193166-4539-4201-A136-EA8A2E2D9055}.Debug|Any CPU.ActiveCfg = Debug|Any CPU
		{7A193166-4539-4201-A136-EA8A2E2D9055}.Debug|Any CPU.Build.0 = Debug|Any CPU
		{7A193166-4539-4201-A136-EA8A2E2D9055}.Debug|x64.ActiveCfg = Debug|Any CPU
		{7A193166-4539-4201-A136-EA8A2E2D9055}.Debug|x64.Build.0 = Debug|Any CPU
		{7A193166-4539-4201-A136-EA8A2E2D9055}.Debug|x86.ActiveCfg = Debug|Any CPU
		{7A193166-4539-4201-A136-EA8A2E2D9055}.Debug|x86.Build.0 = Debug|Any CPU
		{7A193166-4539-4201-A136-EA8A2E2D9055}.Release|Any CPU.ActiveCfg = Release|Any CPU
		{7A193166-4539-4201-A136-EA8A2E2D9055}.Release|Any CPU.Build.0 = Release|Any CPU
		{7A193166-4539-4201-A136-EA8A2E2D9055}.Release|x64.ActiveCfg = Release|Any CPU
		{7A193166-4539-4201-A136-EA8A2E2D9055}.Release|x64.Build.0 = Release|Any CPU
		{7A193166-4539-4201-A136-EA8A2E2D9055}.Release|x86.ActiveCfg = Release|Any CPU
		{7A193166-4539-4201-A136-EA8A2E2D9055}.Release|x86.Build.0 = Release|Any CPU
		{28CD198E-7E3B-4097-B24F-E41AFB3E5003}.Debug|Any CPU.ActiveCfg = Debug|Any CPU
		{28CD198E-7E3B-4097-B24F-E41AFB3E5003}.Debug|Any CPU.Build.0 = Debug|Any CPU
		{28CD198E-7E3B-4097-B24F-E41AFB3E5003}.Debug|x64.ActiveCfg = Debug|Any CPU
		{28CD198E-7E3B-4097-B24F-E41AFB3E5003}.Debug|x64.Build.0 = Debug|Any CPU
		{28CD198E-7E3B-4097-B24F-E41AFB3E5003}.Debug|x86.ActiveCfg = Debug|Any CPU
		{28CD198E-7E3B-4097-B24F-E41AFB3E5003}.Debug|x86.Build.0 = Debug|Any CPU
		{28CD198E-7E3B-4097-B24F-E41AFB3E5003}.Release|Any CPU.ActiveCfg = Release|Any CPU
		{28CD198E-7E3B-4097-B24F-E41AFB3E5003}.Release|Any CPU.Build.0 = Release|Any CPU
		{28CD198E-7E3B-4097-B24F-E41AFB3E5003}.Release|x64.ActiveCfg = Release|Any CPU
		{28CD198E-7E3B-4097-B24F-E41AFB3E5003}.Release|x64.Build.0 = Release|Any CPU
		{28CD198E-7E3B-4097-B24F-E41AFB3E5003}.Release|x86.ActiveCfg = Release|Any CPU
		{28CD198E-7E3B-4097-B24F-E41AFB3E5003}.Release|x86.Build.0 = Release|Any CPU
		{21CF01F0-A660-4B36-9D7D-8B4AE1C4954C}.Debug|Any CPU.ActiveCfg = Debug|Any CPU
		{21CF01F0-A660-4B36-9D7D-8B4AE1C4954C}.Debug|Any CPU.Build.0 = Debug|Any CPU
		{21CF01F0-A660-4B36-9D7D-8B4AE1C4954C}.Debug|x64.ActiveCfg = Debug|Any CPU
		{21CF01F0-A660-4B36-9D7D-8B4AE1C4954C}.Debug|x64.Build.0 = Debug|Any CPU
		{21CF01F0-A660-4B36-9D7D-8B4AE1C4954C}.Debug|x86.ActiveCfg = Debug|Any CPU
		{21CF01F0-A660-4B36-9D7D-8B4AE1C4954C}.Debug|x86.Build.0 = Debug|Any CPU
		{21CF01F0-A660-4B36-9D7D-8B4AE1C4954C}.Release|Any CPU.ActiveCfg = Release|Any CPU
		{21CF01F0-A660-4B36-9D7D-8B4AE1C4954C}.Release|Any CPU.Build.0 = Release|Any CPU
		{21CF01F0-A660-4B36-9D7D-8B4AE1C4954C}.Release|x64.ActiveCfg = Release|Any CPU
		{21CF01F0-A660-4B36-9D7D-8B4AE1C4954C}.Release|x64.Build.0 = Release|Any CPU
		{21CF01F0-A660-4B36-9D7D-8B4AE1C4954C}.Release|x86.ActiveCfg = Release|Any CPU
		{21CF01F0-A660-4B36-9D7D-8B4AE1C4954C}.Release|x86.Build.0 = Release|Any CPU
		{B3D337F1-6056-4391-AC1F-24B5680CC092}.Debug|Any CPU.ActiveCfg = Debug|Any CPU
		{B3D337F1-6056-4391-AC1F-24B5680CC092}.Debug|Any CPU.Build.0 = Debug|Any CPU
		{B3D337F1-6056-4391-AC1F-24B5680CC092}.Debug|x64.ActiveCfg = Debug|Any CPU
		{B3D337F1-6056-4391-AC1F-24B5680CC092}.Debug|x64.Build.0 = Debug|Any CPU
		{B3D337F1-6056-4391-AC1F-24B5680CC092}.Debug|x86.ActiveCfg = Debug|Any CPU
		{B3D337F1-6056-4391-AC1F-24B5680CC092}.Debug|x86.Build.0 = Debug|Any CPU
		{B3D337F1-6056-4391-AC1F-24B5680CC092}.Release|Any CPU.ActiveCfg = Release|Any CPU
		{B3D337F1-6056-4391-AC1F-24B5680CC092}.Release|Any CPU.Build.0 = Release|Any CPU
		{B3D337F1-6056-4391-AC1F-24B5680CC092}.Release|x64.ActiveCfg = Release|Any CPU
		{B3D337F1-6056-4391-AC1F-24B5680CC092}.Release|x64.Build.0 = Release|Any CPU
		{B3D337F1-6056-4391-AC1F-24B5680CC092}.Release|x86.ActiveCfg = Release|Any CPU
		{B3D337F1-6056-4391-AC1F-24B5680CC092}.Release|x86.Build.0 = Release|Any CPU
		{E32CA07A-FBBB-483B-8F9E-E2698E36D042}.Debug|Any CPU.ActiveCfg = Debug|Any CPU
		{E32CA07A-FBBB-483B-8F9E-E2698E36D042}.Debug|Any CPU.Build.0 = Debug|Any CPU
		{E32CA07A-FBBB-483B-8F9E-E2698E36D042}.Debug|x64.ActiveCfg = Debug|Any CPU
		{E32CA07A-FBBB-483B-8F9E-E2698E36D042}.Debug|x64.Build.0 = Debug|Any CPU
		{E32CA07A-FBBB-483B-8F9E-E2698E36D042}.Debug|x86.ActiveCfg = Debug|Any CPU
		{E32CA07A-FBBB-483B-8F9E-E2698E36D042}.Debug|x86.Build.0 = Debug|Any CPU
		{E32CA07A-FBBB-483B-8F9E-E2698E36D042}.Release|Any CPU.ActiveCfg = Release|Any CPU
		{E32CA07A-FBBB-483B-8F9E-E2698E36D042}.Release|Any CPU.Build.0 = Release|Any CPU
		{E32CA07A-FBBB-483B-8F9E-E2698E36D042}.Release|x64.ActiveCfg = Release|Any CPU
		{E32CA07A-FBBB-483B-8F9E-E2698E36D042}.Release|x64.Build.0 = Release|Any CPU
		{E32CA07A-FBBB-483B-8F9E-E2698E36D042}.Release|x86.ActiveCfg = Release|Any CPU
		{E32CA07A-FBBB-483B-8F9E-E2698E36D042}.Release|x86.Build.0 = Release|Any CPU
		{02611041-8904-4379-8B42-C3F275E6D750}.Debug|Any CPU.ActiveCfg = Debug|Any CPU
		{02611041-8904-4379-8B42-C3F275E6D750}.Debug|Any CPU.Build.0 = Debug|Any CPU
		{02611041-8904-4379-8B42-C3F275E6D750}.Debug|x64.ActiveCfg = Debug|Any CPU
		{02611041-8904-4379-8B42-C3F275E6D750}.Debug|x64.Build.0 = Debug|Any CPU
		{02611041-8904-4379-8B42-C3F275E6D750}.Debug|x86.ActiveCfg = Debug|Any CPU
		{02611041-8904-4379-8B42-C3F275E6D750}.Debug|x86.Build.0 = Debug|Any CPU
		{02611041-8904-4379-8B42-C3F275E6D750}.Release|Any CPU.ActiveCfg = Release|Any CPU
		{02611041-8904-4379-8B42-C3F275E6D750}.Release|Any CPU.Build.0 = Release|Any CPU
		{02611041-8904-4379-8B42-C3F275E6D750}.Release|x64.ActiveCfg = Release|Any CPU
		{02611041-8904-4379-8B42-C3F275E6D750}.Release|x64.Build.0 = Release|Any CPU
		{02611041-8904-4379-8B42-C3F275E6D750}.Release|x86.ActiveCfg = Release|Any CPU
		{02611041-8904-4379-8B42-C3F275E6D750}.Release|x86.Build.0 = Release|Any CPU
		{798C6056-F029-4739-BA32-307F543612C3}.Debug|Any CPU.ActiveCfg = Debug|Any CPU
		{798C6056-F029-4739-BA32-307F543612C3}.Debug|Any CPU.Build.0 = Debug|Any CPU
		{798C6056-F029-4739-BA32-307F543612C3}.Debug|x64.ActiveCfg = Debug|Any CPU
		{798C6056-F029-4739-BA32-307F543612C3}.Debug|x64.Build.0 = Debug|Any CPU
		{798C6056-F029-4739-BA32-307F543612C3}.Debug|x86.ActiveCfg = Debug|Any CPU
		{798C6056-F029-4739-BA32-307F543612C3}.Debug|x86.Build.0 = Debug|Any CPU
		{798C6056-F029-4739-BA32-307F543612C3}.Release|Any CPU.ActiveCfg = Release|Any CPU
		{798C6056-F029-4739-BA32-307F543612C3}.Release|Any CPU.Build.0 = Release|Any CPU
		{798C6056-F029-4739-BA32-307F543612C3}.Release|x64.ActiveCfg = Release|Any CPU
		{798C6056-F029-4739-BA32-307F543612C3}.Release|x64.Build.0 = Release|Any CPU
		{798C6056-F029-4739-BA32-307F543612C3}.Release|x86.ActiveCfg = Release|Any CPU
		{798C6056-F029-4739-BA32-307F543612C3}.Release|x86.Build.0 = Release|Any CPU
		{6BA33FB1-5B1C-42FD-AA36-5E0D4C1ED8F4}.Debug|Any CPU.ActiveCfg = Debug|Any CPU
		{6BA33FB1-5B1C-42FD-AA36-5E0D4C1ED8F4}.Debug|Any CPU.Build.0 = Debug|Any CPU
		{6BA33FB1-5B1C-42FD-AA36-5E0D4C1ED8F4}.Debug|x64.ActiveCfg = Debug|Any CPU
		{6BA33FB1-5B1C-42FD-AA36-5E0D4C1ED8F4}.Debug|x64.Build.0 = Debug|Any CPU
		{6BA33FB1-5B1C-42FD-AA36-5E0D4C1ED8F4}.Debug|x86.ActiveCfg = Debug|Any CPU
		{6BA33FB1-5B1C-42FD-AA36-5E0D4C1ED8F4}.Debug|x86.Build.0 = Debug|Any CPU
		{6BA33FB1-5B1C-42FD-AA36-5E0D4C1ED8F4}.Release|Any CPU.ActiveCfg = Release|Any CPU
		{6BA33FB1-5B1C-42FD-AA36-5E0D4C1ED8F4}.Release|Any CPU.Build.0 = Release|Any CPU
		{6BA33FB1-5B1C-42FD-AA36-5E0D4C1ED8F4}.Release|x64.ActiveCfg = Release|Any CPU
		{6BA33FB1-5B1C-42FD-AA36-5E0D4C1ED8F4}.Release|x64.Build.0 = Release|Any CPU
		{6BA33FB1-5B1C-42FD-AA36-5E0D4C1ED8F4}.Release|x86.ActiveCfg = Release|Any CPU
		{6BA33FB1-5B1C-42FD-AA36-5E0D4C1ED8F4}.Release|x86.Build.0 = Release|Any CPU
		{C2074E62-5845-4C85-A224-CA2ED08C47CE}.Debug|Any CPU.ActiveCfg = Debug|Any CPU
		{C2074E62-5845-4C85-A224-CA2ED08C47CE}.Debug|Any CPU.Build.0 = Debug|Any CPU
		{C2074E62-5845-4C85-A224-CA2ED08C47CE}.Debug|x64.ActiveCfg = Debug|Any CPU
		{C2074E62-5845-4C85-A224-CA2ED08C47CE}.Debug|x64.Build.0 = Debug|Any CPU
		{C2074E62-5845-4C85-A224-CA2ED08C47CE}.Debug|x86.ActiveCfg = Debug|Any CPU
		{C2074E62-5845-4C85-A224-CA2ED08C47CE}.Debug|x86.Build.0 = Debug|Any CPU
		{C2074E62-5845-4C85-A224-CA2ED08C47CE}.Release|Any CPU.ActiveCfg = Release|Any CPU
		{C2074E62-5845-4C85-A224-CA2ED08C47CE}.Release|Any CPU.Build.0 = Release|Any CPU
		{C2074E62-5845-4C85-A224-CA2ED08C47CE}.Release|x64.ActiveCfg = Release|Any CPU
		{C2074E62-5845-4C85-A224-CA2ED08C47CE}.Release|x64.Build.0 = Release|Any CPU
		{C2074E62-5845-4C85-A224-CA2ED08C47CE}.Release|x86.ActiveCfg = Release|Any CPU
		{C2074E62-5845-4C85-A224-CA2ED08C47CE}.Release|x86.Build.0 = Release|Any CPU
		{7BC980B9-882F-4191-A64B-B811469192F2}.Debug|Any CPU.ActiveCfg = Debug|Any CPU
		{7BC980B9-882F-4191-A64B-B811469192F2}.Debug|Any CPU.Build.0 = Debug|Any CPU
		{7BC980B9-882F-4191-A64B-B811469192F2}.Debug|x64.ActiveCfg = Debug|Any CPU
		{7BC980B9-882F-4191-A64B-B811469192F2}.Debug|x64.Build.0 = Debug|Any CPU
		{7BC980B9-882F-4191-A64B-B811469192F2}.Debug|x86.ActiveCfg = Debug|Any CPU
		{7BC980B9-882F-4191-A64B-B811469192F2}.Debug|x86.Build.0 = Debug|Any CPU
		{7BC980B9-882F-4191-A64B-B811469192F2}.Release|Any CPU.ActiveCfg = Release|Any CPU
		{7BC980B9-882F-4191-A64B-B811469192F2}.Release|Any CPU.Build.0 = Release|Any CPU
		{7BC980B9-882F-4191-A64B-B811469192F2}.Release|x64.ActiveCfg = Release|Any CPU
		{7BC980B9-882F-4191-A64B-B811469192F2}.Release|x64.Build.0 = Release|Any CPU
		{7BC980B9-882F-4191-A64B-B811469192F2}.Release|x86.ActiveCfg = Release|Any CPU
		{7BC980B9-882F-4191-A64B-B811469192F2}.Release|x86.Build.0 = Release|Any CPU
		{2C128F78-892C-4A9C-B4C9-41A4FC7EAFB9}.Debug|Any CPU.ActiveCfg = Debug|Any CPU
		{2C128F78-892C-4A9C-B4C9-41A4FC7EAFB9}.Debug|Any CPU.Build.0 = Debug|Any CPU
		{2C128F78-892C-4A9C-B4C9-41A4FC7EAFB9}.Debug|x64.ActiveCfg = Debug|Any CPU
		{2C128F78-892C-4A9C-B4C9-41A4FC7EAFB9}.Debug|x64.Build.0 = Debug|Any CPU
		{2C128F78-892C-4A9C-B4C9-41A4FC7EAFB9}.Debug|x86.ActiveCfg = Debug|Any CPU
		{2C128F78-892C-4A9C-B4C9-41A4FC7EAFB9}.Debug|x86.Build.0 = Debug|Any CPU
		{2C128F78-892C-4A9C-B4C9-41A4FC7EAFB9}.Release|Any CPU.ActiveCfg = Release|Any CPU
		{2C128F78-892C-4A9C-B4C9-41A4FC7EAFB9}.Release|Any CPU.Build.0 = Release|Any CPU
		{2C128F78-892C-4A9C-B4C9-41A4FC7EAFB9}.Release|x64.ActiveCfg = Release|Any CPU
		{2C128F78-892C-4A9C-B4C9-41A4FC7EAFB9}.Release|x64.Build.0 = Release|Any CPU
		{2C128F78-892C-4A9C-B4C9-41A4FC7EAFB9}.Release|x86.ActiveCfg = Release|Any CPU
		{2C128F78-892C-4A9C-B4C9-41A4FC7EAFB9}.Release|x86.Build.0 = Release|Any CPU
		{110038DF-DB33-401F-A112-B9FE43184A71}.Debug|Any CPU.ActiveCfg = Debug|Any CPU
		{110038DF-DB33-401F-A112-B9FE43184A71}.Debug|Any CPU.Build.0 = Debug|Any CPU
		{110038DF-DB33-401F-A112-B9FE43184A71}.Debug|x64.ActiveCfg = Debug|Any CPU
		{110038DF-DB33-401F-A112-B9FE43184A71}.Debug|x64.Build.0 = Debug|Any CPU
		{110038DF-DB33-401F-A112-B9FE43184A71}.Debug|x86.ActiveCfg = Debug|Any CPU
		{110038DF-DB33-401F-A112-B9FE43184A71}.Debug|x86.Build.0 = Debug|Any CPU
		{110038DF-DB33-401F-A112-B9FE43184A71}.Release|Any CPU.ActiveCfg = Release|Any CPU
		{110038DF-DB33-401F-A112-B9FE43184A71}.Release|Any CPU.Build.0 = Release|Any CPU
		{110038DF-DB33-401F-A112-B9FE43184A71}.Release|x64.ActiveCfg = Release|Any CPU
		{110038DF-DB33-401F-A112-B9FE43184A71}.Release|x64.Build.0 = Release|Any CPU
		{110038DF-DB33-401F-A112-B9FE43184A71}.Release|x86.ActiveCfg = Release|Any CPU
		{110038DF-DB33-401F-A112-B9FE43184A71}.Release|x86.Build.0 = Release|Any CPU
		{8E9E32E8-39C7-41FA-B25C-568026AD5AB4}.Debug|Any CPU.ActiveCfg = Debug|Any CPU
		{8E9E32E8-39C7-41FA-B25C-568026AD5AB4}.Debug|Any CPU.Build.0 = Debug|Any CPU
		{8E9E32E8-39C7-41FA-B25C-568026AD5AB4}.Debug|x64.ActiveCfg = Debug|Any CPU
		{8E9E32E8-39C7-41FA-B25C-568026AD5AB4}.Debug|x64.Build.0 = Debug|Any CPU
		{8E9E32E8-39C7-41FA-B25C-568026AD5AB4}.Debug|x86.ActiveCfg = Debug|Any CPU
		{8E9E32E8-39C7-41FA-B25C-568026AD5AB4}.Debug|x86.Build.0 = Debug|Any CPU
		{8E9E32E8-39C7-41FA-B25C-568026AD5AB4}.Release|Any CPU.ActiveCfg = Release|Any CPU
		{8E9E32E8-39C7-41FA-B25C-568026AD5AB4}.Release|Any CPU.Build.0 = Release|Any CPU
		{8E9E32E8-39C7-41FA-B25C-568026AD5AB4}.Release|x64.ActiveCfg = Release|Any CPU
		{8E9E32E8-39C7-41FA-B25C-568026AD5AB4}.Release|x64.Build.0 = Release|Any CPU
		{8E9E32E8-39C7-41FA-B25C-568026AD5AB4}.Release|x86.ActiveCfg = Release|Any CPU
		{8E9E32E8-39C7-41FA-B25C-568026AD5AB4}.Release|x86.Build.0 = Release|Any CPU
		{C8D28589-8AB6-4E34-A370-5CC838BF2736}.Debug|Any CPU.ActiveCfg = Debug|Any CPU
		{C8D28589-8AB6-4E34-A370-5CC838BF2736}.Debug|Any CPU.Build.0 = Debug|Any CPU
		{C8D28589-8AB6-4E34-A370-5CC838BF2736}.Debug|x64.ActiveCfg = Debug|Any CPU
		{C8D28589-8AB6-4E34-A370-5CC838BF2736}.Debug|x64.Build.0 = Debug|Any CPU
		{C8D28589-8AB6-4E34-A370-5CC838BF2736}.Debug|x86.ActiveCfg = Debug|Any CPU
		{C8D28589-8AB6-4E34-A370-5CC838BF2736}.Debug|x86.Build.0 = Debug|Any CPU
		{C8D28589-8AB6-4E34-A370-5CC838BF2736}.Release|Any CPU.ActiveCfg = Release|Any CPU
		{C8D28589-8AB6-4E34-A370-5CC838BF2736}.Release|Any CPU.Build.0 = Release|Any CPU
		{C8D28589-8AB6-4E34-A370-5CC838BF2736}.Release|x64.ActiveCfg = Release|Any CPU
		{C8D28589-8AB6-4E34-A370-5CC838BF2736}.Release|x64.Build.0 = Release|Any CPU
		{C8D28589-8AB6-4E34-A370-5CC838BF2736}.Release|x86.ActiveCfg = Release|Any CPU
		{C8D28589-8AB6-4E34-A370-5CC838BF2736}.Release|x86.Build.0 = Release|Any CPU
		{18F8BAD2-3F5C-4D49-89D6-C91A69220704}.Debug|Any CPU.ActiveCfg = Debug|Any CPU
		{18F8BAD2-3F5C-4D49-89D6-C91A69220704}.Debug|Any CPU.Build.0 = Debug|Any CPU
		{18F8BAD2-3F5C-4D49-89D6-C91A69220704}.Debug|x64.ActiveCfg = Debug|Any CPU
		{18F8BAD2-3F5C-4D49-89D6-C91A69220704}.Debug|x64.Build.0 = Debug|Any CPU
		{18F8BAD2-3F5C-4D49-89D6-C91A69220704}.Debug|x86.ActiveCfg = Debug|Any CPU
		{18F8BAD2-3F5C-4D49-89D6-C91A69220704}.Debug|x86.Build.0 = Debug|Any CPU
		{18F8BAD2-3F5C-4D49-89D6-C91A69220704}.Release|Any CPU.ActiveCfg = Release|Any CPU
		{18F8BAD2-3F5C-4D49-89D6-C91A69220704}.Release|Any CPU.Build.0 = Release|Any CPU
		{18F8BAD2-3F5C-4D49-89D6-C91A69220704}.Release|x64.ActiveCfg = Release|Any CPU
		{18F8BAD2-3F5C-4D49-89D6-C91A69220704}.Release|x64.Build.0 = Release|Any CPU
		{18F8BAD2-3F5C-4D49-89D6-C91A69220704}.Release|x86.ActiveCfg = Release|Any CPU
		{18F8BAD2-3F5C-4D49-89D6-C91A69220704}.Release|x86.Build.0 = Release|Any CPU
		{C0A970D3-23B2-4AC3-8B52-8A621E433730}.Debug|Any CPU.ActiveCfg = Debug|Any CPU
		{C0A970D3-23B2-4AC3-8B52-8A621E433730}.Debug|Any CPU.Build.0 = Debug|Any CPU
		{C0A970D3-23B2-4AC3-8B52-8A621E433730}.Debug|x64.ActiveCfg = Debug|Any CPU
		{C0A970D3-23B2-4AC3-8B52-8A621E433730}.Debug|x64.Build.0 = Debug|Any CPU
		{C0A970D3-23B2-4AC3-8B52-8A621E433730}.Debug|x86.ActiveCfg = Debug|Any CPU
		{C0A970D3-23B2-4AC3-8B52-8A621E433730}.Debug|x86.Build.0 = Debug|Any CPU
		{C0A970D3-23B2-4AC3-8B52-8A621E433730}.Release|Any CPU.ActiveCfg = Release|Any CPU
		{C0A970D3-23B2-4AC3-8B52-8A621E433730}.Release|Any CPU.Build.0 = Release|Any CPU
		{C0A970D3-23B2-4AC3-8B52-8A621E433730}.Release|x64.ActiveCfg = Release|Any CPU
		{C0A970D3-23B2-4AC3-8B52-8A621E433730}.Release|x64.Build.0 = Release|Any CPU
		{C0A970D3-23B2-4AC3-8B52-8A621E433730}.Release|x86.ActiveCfg = Release|Any CPU
		{C0A970D3-23B2-4AC3-8B52-8A621E433730}.Release|x86.Build.0 = Release|Any CPU
		{324AF994-C11C-44A4-A5DC-8557844922A9}.Debug|Any CPU.ActiveCfg = Debug|Any CPU
		{324AF994-C11C-44A4-A5DC-8557844922A9}.Debug|Any CPU.Build.0 = Debug|Any CPU
		{324AF994-C11C-44A4-A5DC-8557844922A9}.Debug|x64.ActiveCfg = Debug|Any CPU
		{324AF994-C11C-44A4-A5DC-8557844922A9}.Debug|x64.Build.0 = Debug|Any CPU
		{324AF994-C11C-44A4-A5DC-8557844922A9}.Debug|x86.ActiveCfg = Debug|Any CPU
		{324AF994-C11C-44A4-A5DC-8557844922A9}.Debug|x86.Build.0 = Debug|Any CPU
		{324AF994-C11C-44A4-A5DC-8557844922A9}.Release|Any CPU.ActiveCfg = Release|Any CPU
		{324AF994-C11C-44A4-A5DC-8557844922A9}.Release|Any CPU.Build.0 = Release|Any CPU
		{324AF994-C11C-44A4-A5DC-8557844922A9}.Release|x64.ActiveCfg = Release|Any CPU
		{324AF994-C11C-44A4-A5DC-8557844922A9}.Release|x64.Build.0 = Release|Any CPU
		{324AF994-C11C-44A4-A5DC-8557844922A9}.Release|x86.ActiveCfg = Release|Any CPU
		{324AF994-C11C-44A4-A5DC-8557844922A9}.Release|x86.Build.0 = Release|Any CPU
		{BC52AACF-FA89-40F6-B35D-3C34D50A61A5}.Debug|Any CPU.ActiveCfg = Debug|Any CPU
		{BC52AACF-FA89-40F6-B35D-3C34D50A61A5}.Debug|Any CPU.Build.0 = Debug|Any CPU
		{BC52AACF-FA89-40F6-B35D-3C34D50A61A5}.Debug|x64.ActiveCfg = Debug|Any CPU
		{BC52AACF-FA89-40F6-B35D-3C34D50A61A5}.Debug|x64.Build.0 = Debug|Any CPU
		{BC52AACF-FA89-40F6-B35D-3C34D50A61A5}.Debug|x86.ActiveCfg = Debug|Any CPU
		{BC52AACF-FA89-40F6-B35D-3C34D50A61A5}.Debug|x86.Build.0 = Debug|Any CPU
		{BC52AACF-FA89-40F6-B35D-3C34D50A61A5}.Release|Any CPU.ActiveCfg = Release|Any CPU
		{BC52AACF-FA89-40F6-B35D-3C34D50A61A5}.Release|Any CPU.Build.0 = Release|Any CPU
		{BC52AACF-FA89-40F6-B35D-3C34D50A61A5}.Release|x64.ActiveCfg = Release|Any CPU
		{BC52AACF-FA89-40F6-B35D-3C34D50A61A5}.Release|x64.Build.0 = Release|Any CPU
		{BC52AACF-FA89-40F6-B35D-3C34D50A61A5}.Release|x86.ActiveCfg = Release|Any CPU
		{BC52AACF-FA89-40F6-B35D-3C34D50A61A5}.Release|x86.Build.0 = Release|Any CPU
	EndGlobalSection
	GlobalSection(NestedProjects) = preSolution
		{B159A631-B4B0-4B5D-B7DB-EF847F2B2FFF} = {ED469320-654F-407C-A98B-742101F53B43}
		{9802D9C1-C51F-475A-AC5F-A4013C407735} = {ED469320-654F-407C-A98B-742101F53B43}
		{A7ADC9CD-9D39-44C4-A8AB-C6ABF21DC3E7} = {5CA2E9B8-C208-4374-8C81-AE640FE52F7B}
		{005D1631-DA06-4C3B-8E0D-06B7F0D2FCC6} = {5CA2E9B8-C208-4374-8C81-AE640FE52F7B}
		{7A193166-4539-4201-A136-EA8A2E2D9055} = {6506D120-FE91-4D2E-AA6E-21F8555DF1A9}
		{28CD198E-7E3B-4097-B24F-E41AFB3E5003} = {DD1EC1F5-69FB-4F94-AD95-DC55A17F5DEF}
		{21CF01F0-A660-4B36-9D7D-8B4AE1C4954C} = {6506D120-FE91-4D2E-AA6E-21F8555DF1A9}
		{B3D337F1-6056-4391-AC1F-24B5680CC092} = {DD1EC1F5-69FB-4F94-AD95-DC55A17F5DEF}
		{E32CA07A-FBBB-483B-8F9E-E2698E36D042} = {39453D85-5362-41FA-A9C5-2F3BC4AFB79B}
		{02611041-8904-4379-8B42-C3F275E6D750} = {39453D85-5362-41FA-A9C5-2F3BC4AFB79B}
		{798C6056-F029-4739-BA32-307F543612C3} = {CBDB1752-3FB5-4A31-98C1-6BD74C37DAA4}
		{6BA33FB1-5B1C-42FD-AA36-5E0D4C1ED8F4} = {CBDB1752-3FB5-4A31-98C1-6BD74C37DAA4}
		{C2074E62-5845-4C85-A224-CA2ED08C47CE} = {64FBAF80-5CA9-4692-A1CF-688901C75B2C}
		{7BC980B9-882F-4191-A64B-B811469192F2} = {64FBAF80-5CA9-4692-A1CF-688901C75B2C}
		{2C128F78-892C-4A9C-B4C9-41A4FC7EAFB9} = {999AEAAE-30FE-459C-AAD5-E1178BA14100}
		{110038DF-DB33-401F-A112-B9FE43184A71} = {999AEAAE-30FE-459C-AAD5-E1178BA14100}
		{8E9E32E8-39C7-41FA-B25C-568026AD5AB4} = {38897160-414A-4E96-BF6C-4334AF527A3C}
		{C8D28589-8AB6-4E34-A370-5CC838BF2736} = {38897160-414A-4E96-BF6C-4334AF527A3C}
		{18F8BAD2-3F5C-4D49-89D6-C91A69220704} = {5FCA41F8-56C6-485F-80D5-C7F0D62FE8AA}
		{C0A970D3-23B2-4AC3-8B52-8A621E433730} = {7F93D323-0AE0-4D50-A160-1E1362C2543E}
		{324AF994-C11C-44A4-A5DC-8557844922A9} = {7F93D323-0AE0-4D50-A160-1E1362C2543E}
		{BC52AACF-FA89-40F6-B35D-3C34D50A61A5} = {5FCA41F8-56C6-485F-80D5-C7F0D62FE8AA}
	EndGlobalSection
EndGlobal
