
Microsoft Visual Studio Solution File, Format Version 12.00
# Visual Studio 15
VisualStudioVersion = 15.0.26124.0
MinimumVisualStudioVersion = 15.0.26124.0
Project("{2150E333-8FDC-42A3-9474-1A3956D46DE8}") = "UserService", "UserService", "{ED469320-654F-407C-A98B-742101F53B43}"
EndProject
Project("{FAE04EC0-301F-11D3-BF4B-00C04F79EFBC}") = "UserService", "UserService\src\UserService.csproj", "{B159A631-B4B0-4B5D-B7DB-EF847F2B2FFF}"
EndProject
Project("{2150E333-8FDC-42A3-9474-1A3956D46DE8}") = "StatisticService", "StatisticService", "{5CA2E9B8-C208-4374-8C81-AE640FE52F7B}"
EndProject
Project("{FAE04EC0-301F-11D3-BF4B-00C04F79EFBC}") = "StatisticsService", "StatisticsService\src\StatisticsService.csproj", "{A7ADC9CD-9D39-44C4-A8AB-C6ABF21DC3E7}"
EndProject
Project("{2150E333-8FDC-42A3-9474-1A3956D46DE8}") = "InvoicingService", "InvoicingService", "{999AEAAE-30FE-459C-AAD5-E1178BA14100}"
EndProject
Project("{2150E333-8FDC-42A3-9474-1A3956D46DE8}") = "PaymentsService", "PaymentsService", "{7F93D323-0AE0-4D50-A160-1E1362C2543E}"
EndProject
Project("{2150E333-8FDC-42A3-9474-1A3956D46DE8}") = "ClientsService", "ClientsService", "{39453D85-5362-41FA-A9C5-2F3BC4AFB79B}"
EndProject
Project("{2150E333-8FDC-42A3-9474-1A3956D46DE8}") = "ConfigurationService", "ConfigurationService", "{CBDB1752-3FB5-4A31-98C1-6BD74C37DAA4}"
EndProject
Project("{2150E333-8FDC-42A3-9474-1A3956D46DE8}") = "NotificationsService", "NotificationsService", "{5FCA41F8-56C6-485F-80D5-C7F0D62FE8AA}"
EndProject
Project("{2150E333-8FDC-42A3-9474-1A3956D46DE8}") = "ProjectsService", "ProjectsService", "{38897160-414A-4E96-BF6C-4334AF527A3C}"
EndProject
Project("{2150E333-8FDC-42A3-9474-1A3956D46DE8}") = "Invoicer.Common", "Invoicer.Common", "{64FBAF80-5CA9-4692-A1CF-688901C75B2C}"
EndProject
Project("{2150E333-8FDC-42A3-9474-1A3956D46DE8}") = "ContractsService", "ContractsService", "{D99365D7-8276-4F61-9FF6-631721B22741}"
EndProject
Project("{FAE04EC0-301F-11D3-BF4B-00C04F79EFBC}") = "ClientsService", "ClientsService\src\ClientsService.csproj", "{E32CA07A-FBBB-483B-8F9E-E2698E36D042}"
EndProject
Project("{FAE04EC0-301F-11D3-BF4B-00C04F79EFBC}") = "ConfigurationService", "ConfigurationService\src\ConfigurationService.csproj", "{798C6056-F029-4739-BA32-307F543612C3}"
EndProject
Project("{FAE04EC0-301F-11D3-BF4B-00C04F79EFBC}") = "Invoicer.Common", "Invoicer.Common\src\Invoicer.Common.csproj", "{C2074E62-5845-4C85-A224-CA2ED08C47CE}"
EndProject
Project("{FAE04EC0-301F-11D3-BF4B-00C04F79EFBC}") = "InvoicingService", "InvoicingService\src\InvoicingService.csproj", "{2C128F78-892C-4A9C-B4C9-41A4FC7EAFB9}"
EndProject
Project("{FAE04EC0-301F-11D3-BF4B-00C04F79EFBC}") = "ProjectsService", "ProjectsService\src\ProjectsService.csproj", "{8E9E32E8-39C7-41FA-B25C-568026AD5AB4}"
EndProject
Project("{FAE04EC0-301F-11D3-BF4B-00C04F79EFBC}") = "PaymentsService", "PaymentsService\src\PaymentsService.csproj", "{C0A970D3-23B2-4AC3-8B52-8A621E433730}"
EndProject
Project("{FAE04EC0-301F-11D3-BF4B-00C04F79EFBC}") = "NotificationsService", "NotificationsService\src\NotificationsService.csproj", "{BC52AACF-FA89-40F6-B35D-3C34D50A61A5}"
EndProject
Project("{FAE04EC0-301F-11D3-BF4B-00C04F79EFBC}") = "ClientsService.IntegrationTests", "ClientsService\tests\ClientsService.IntegrationTests\ClientsService.IntegrationTests.csproj", "{0A92DF3C-B3FE-4D74-A7A3-0C110B8315D5}"
EndProject
Project("{FAE04EC0-301F-11D3-BF4B-00C04F79EFBC}") = "StatisticsService.IntegrationTests", "StatisticsService\tests\StatisticsService.IntegrationTests\StatisticsService.IntegrationTests.csproj", "{6B7A7C11-508C-4035-840B-9F63ED19FB8B}"
EndProject
Project("{FAE04EC0-301F-11D3-BF4B-00C04F79EFBC}") = "UsersService.IntegrationTests", "UserService\tests\UsersService.IntegrationTests\UsersService.IntegrationTests.csproj", "{CFBDA061-2B63-4274-9409-D6E25A4BADEB}"
EndProject
Project("{FAE04EC0-301F-11D3-BF4B-00C04F79EFBC}") = "ProjectsService.IntegrationTests", "ProjectsService\tests\ProjectsService.IntegrationTests\ProjectsService.IntegrationTests.csproj", "{A8A8BD1E-9749-4401-9545-5BC90F8421A9}"
EndProject
Project("{FAE04EC0-301F-11D3-BF4B-00C04F79EFBC}") = "PaymentsService.IntegrationTests", "PaymentsService\tests\PaymentsService.IntegrationTests\PaymentsService.IntegrationTests.csproj", "{6C7B88DF-B120-4C4E-AB28-36ACE4CE2C16}"
EndProject
Project("{FAE04EC0-301F-11D3-BF4B-00C04F79EFBC}") = "NotificationsService.IntegrationTests", "NotificationsService\tests\NotificationsService.IntegrationTests\NotificationsService.IntegrationTests.csproj", "{B7D5BC3B-2983-4071-82B0-5F8CCB7A28EC}"
EndProject
Project("{FAE04EC0-301F-11D3-BF4B-00C04F79EFBC}") = "InvoicingService.IntegrationTests", "InvoicingService\tests\InvoicingService.IntegrationTests\InvoicingService.IntegrationTests.csproj", "{CAF100CB-E359-4530-A8B8-6DF3677B359A}"
EndProject
Project("{FAE04EC0-301F-11D3-BF4B-00C04F79EFBC}") = "ConfigurationService.IntegrationTests", "ConfigurationService\tests\ConfigurationService.IntegrationTests\ConfigurationService.IntegrationTests.csproj", "{E8F5D623-F837-4C91-8309-10E0DD20632E}"
EndProject
Project("{FAE04EC0-301F-11D3-BF4B-00C04F79EFBC}") = "InvoicerCommon.Tests", "Invoicer.Common\tests\InvoicerCommon.Tests\InvoicerCommon.Tests.csproj", "{CF2AB885-1630-4632-98D6-1132F7AD79E3}"
EndProject
Project("{2150E333-8FDC-42A3-9474-1A3956D46DE8}") = "OperationsService", "OperationsService", "{E0DCADD1-9C2D-48E7-9E04-CF917D73D9DF}"
	ProjectSection(SolutionItems) = preProject
		OperationsService\messages.json = OperationsService\messages.json
	EndProjectSection
EndProject
Project("{FAE04EC0-301F-11D3-BF4B-00C04F79EFBC}") = "OperationsService", "OperationsService\OperationsService\OperationsService.csproj", "{759AE610-49CD-4C79-9FD7-8A4DD5134902}"
EndProject
Global
	GlobalSection(SolutionConfigurationPlatforms) = preSolution
		Debug|Any CPU = Debug|Any CPU
		Debug|x64 = Debug|x64
		Debug|x86 = Debug|x86
		Release|Any CPU = Release|Any CPU
		Release|x64 = Release|x64
		Release|x86 = Release|x86
	EndGlobalSection
	GlobalSection(SolutionProperties) = preSolution
		HideSolutionNode = FALSE
	EndGlobalSection
	GlobalSection(ProjectConfigurationPlatforms) = postSolution
		{B159A631-B4B0-4B5D-B7DB-EF847F2B2FFF}.Debug|Any CPU.ActiveCfg = Debug|Any CPU
		{B159A631-B4B0-4B5D-B7DB-EF847F2B2FFF}.Debug|Any CPU.Build.0 = Debug|Any CPU
		{B159A631-B4B0-4B5D-B7DB-EF847F2B2FFF}.Debug|x64.ActiveCfg = Debug|Any CPU
		{B159A631-B4B0-4B5D-B7DB-EF847F2B2FFF}.Debug|x64.Build.0 = Debug|Any CPU
		{B159A631-B4B0-4B5D-B7DB-EF847F2B2FFF}.Debug|x86.ActiveCfg = Debug|Any CPU
		{B159A631-B4B0-4B5D-B7DB-EF847F2B2FFF}.Debug|x86.Build.0 = Debug|Any CPU
		{B159A631-B4B0-4B5D-B7DB-EF847F2B2FFF}.Release|Any CPU.ActiveCfg = Release|Any CPU
		{B159A631-B4B0-4B5D-B7DB-EF847F2B2FFF}.Release|Any CPU.Build.0 = Release|Any CPU
		{B159A631-B4B0-4B5D-B7DB-EF847F2B2FFF}.Release|x64.ActiveCfg = Release|Any CPU
		{B159A631-B4B0-4B5D-B7DB-EF847F2B2FFF}.Release|x64.Build.0 = Release|Any CPU
		{B159A631-B4B0-4B5D-B7DB-EF847F2B2FFF}.Release|x86.ActiveCfg = Release|Any CPU
		{B159A631-B4B0-4B5D-B7DB-EF847F2B2FFF}.Release|x86.Build.0 = Release|Any CPU
		{A7ADC9CD-9D39-44C4-A8AB-C6ABF21DC3E7}.Debug|Any CPU.ActiveCfg = Debug|Any CPU
		{A7ADC9CD-9D39-44C4-A8AB-C6ABF21DC3E7}.Debug|Any CPU.Build.0 = Debug|Any CPU
		{A7ADC9CD-9D39-44C4-A8AB-C6ABF21DC3E7}.Debug|x64.ActiveCfg = Debug|Any CPU
		{A7ADC9CD-9D39-44C4-A8AB-C6ABF21DC3E7}.Debug|x64.Build.0 = Debug|Any CPU
		{A7ADC9CD-9D39-44C4-A8AB-C6ABF21DC3E7}.Debug|x86.ActiveCfg = Debug|Any CPU
		{A7ADC9CD-9D39-44C4-A8AB-C6ABF21DC3E7}.Debug|x86.Build.0 = Debug|Any CPU
		{A7ADC9CD-9D39-44C4-A8AB-C6ABF21DC3E7}.Release|Any CPU.ActiveCfg = Release|Any CPU
		{A7ADC9CD-9D39-44C4-A8AB-C6ABF21DC3E7}.Release|Any CPU.Build.0 = Release|Any CPU
		{A7ADC9CD-9D39-44C4-A8AB-C6ABF21DC3E7}.Release|x64.ActiveCfg = Release|Any CPU
		{A7ADC9CD-9D39-44C4-A8AB-C6ABF21DC3E7}.Release|x64.Build.0 = Release|Any CPU
		{A7ADC9CD-9D39-44C4-A8AB-C6ABF21DC3E7}.Release|x86.ActiveCfg = Release|Any CPU
		{A7ADC9CD-9D39-44C4-A8AB-C6ABF21DC3E7}.Release|x86.Build.0 = Release|Any CPU
		{E32CA07A-FBBB-483B-8F9E-E2698E36D042}.Debug|Any CPU.ActiveCfg = Debug|Any CPU
		{E32CA07A-FBBB-483B-8F9E-E2698E36D042}.Debug|Any CPU.Build.0 = Debug|Any CPU
		{E32CA07A-FBBB-483B-8F9E-E2698E36D042}.Debug|x64.ActiveCfg = Debug|Any CPU
		{E32CA07A-FBBB-483B-8F9E-E2698E36D042}.Debug|x64.Build.0 = Debug|Any CPU
		{E32CA07A-FBBB-483B-8F9E-E2698E36D042}.Debug|x86.ActiveCfg = Debug|Any CPU
		{E32CA07A-FBBB-483B-8F9E-E2698E36D042}.Debug|x86.Build.0 = Debug|Any CPU
		{E32CA07A-FBBB-483B-8F9E-E2698E36D042}.Release|Any CPU.ActiveCfg = Release|Any CPU
		{E32CA07A-FBBB-483B-8F9E-E2698E36D042}.Release|Any CPU.Build.0 = Release|Any CPU
		{E32CA07A-FBBB-483B-8F9E-E2698E36D042}.Release|x64.ActiveCfg = Release|Any CPU
		{E32CA07A-FBBB-483B-8F9E-E2698E36D042}.Release|x64.Build.0 = Release|Any CPU
		{E32CA07A-FBBB-483B-8F9E-E2698E36D042}.Release|x86.ActiveCfg = Release|Any CPU
		{E32CA07A-FBBB-483B-8F9E-E2698E36D042}.Release|x86.Build.0 = Release|Any CPU
		{798C6056-F029-4739-BA32-307F543612C3}.Debug|Any CPU.ActiveCfg = Debug|Any CPU
		{798C6056-F029-4739-BA32-307F543612C3}.Debug|Any CPU.Build.0 = Debug|Any CPU
		{798C6056-F029-4739-BA32-307F543612C3}.Debug|x64.ActiveCfg = Debug|Any CPU
		{798C6056-F029-4739-BA32-307F543612C3}.Debug|x64.Build.0 = Debug|Any CPU
		{798C6056-F029-4739-BA32-307F543612C3}.Debug|x86.ActiveCfg = Debug|Any CPU
		{798C6056-F029-4739-BA32-307F543612C3}.Debug|x86.Build.0 = Debug|Any CPU
		{798C6056-F029-4739-BA32-307F543612C3}.Release|Any CPU.ActiveCfg = Release|Any CPU
		{798C6056-F029-4739-BA32-307F543612C3}.Release|Any CPU.Build.0 = Release|Any CPU
		{798C6056-F029-4739-BA32-307F543612C3}.Release|x64.ActiveCfg = Release|Any CPU
		{798C6056-F029-4739-BA32-307F543612C3}.Release|x64.Build.0 = Release|Any CPU
		{798C6056-F029-4739-BA32-307F543612C3}.Release|x86.ActiveCfg = Release|Any CPU
		{798C6056-F029-4739-BA32-307F543612C3}.Release|x86.Build.0 = Release|Any CPU
		{C2074E62-5845-4C85-A224-CA2ED08C47CE}.Debug|Any CPU.ActiveCfg = Debug|Any CPU
		{C2074E62-5845-4C85-A224-CA2ED08C47CE}.Debug|Any CPU.Build.0 = Debug|Any CPU
		{C2074E62-5845-4C85-A224-CA2ED08C47CE}.Debug|x64.ActiveCfg = Debug|Any CPU
		{C2074E62-5845-4C85-A224-CA2ED08C47CE}.Debug|x64.Build.0 = Debug|Any CPU
		{C2074E62-5845-4C85-A224-CA2ED08C47CE}.Debug|x86.ActiveCfg = Debug|Any CPU
		{C2074E62-5845-4C85-A224-CA2ED08C47CE}.Debug|x86.Build.0 = Debug|Any CPU
		{C2074E62-5845-4C85-A224-CA2ED08C47CE}.Release|Any CPU.ActiveCfg = Release|Any CPU
		{C2074E62-5845-4C85-A224-CA2ED08C47CE}.Release|Any CPU.Build.0 = Release|Any CPU
		{C2074E62-5845-4C85-A224-CA2ED08C47CE}.Release|x64.ActiveCfg = Release|Any CPU
		{C2074E62-5845-4C85-A224-CA2ED08C47CE}.Release|x64.Build.0 = Release|Any CPU
		{C2074E62-5845-4C85-A224-CA2ED08C47CE}.Release|x86.ActiveCfg = Release|Any CPU
		{C2074E62-5845-4C85-A224-CA2ED08C47CE}.Release|x86.Build.0 = Release|Any CPU
		{2C128F78-892C-4A9C-B4C9-41A4FC7EAFB9}.Debug|Any CPU.ActiveCfg = Debug|Any CPU
		{2C128F78-892C-4A9C-B4C9-41A4FC7EAFB9}.Debug|Any CPU.Build.0 = Debug|Any CPU
		{2C128F78-892C-4A9C-B4C9-41A4FC7EAFB9}.Debug|x64.ActiveCfg = Debug|Any CPU
		{2C128F78-892C-4A9C-B4C9-41A4FC7EAFB9}.Debug|x64.Build.0 = Debug|Any CPU
		{2C128F78-892C-4A9C-B4C9-41A4FC7EAFB9}.Debug|x86.ActiveCfg = Debug|Any CPU
		{2C128F78-892C-4A9C-B4C9-41A4FC7EAFB9}.Debug|x86.Build.0 = Debug|Any CPU
		{2C128F78-892C-4A9C-B4C9-41A4FC7EAFB9}.Release|Any CPU.ActiveCfg = Release|Any CPU
		{2C128F78-892C-4A9C-B4C9-41A4FC7EAFB9}.Release|Any CPU.Build.0 = Release|Any CPU
		{2C128F78-892C-4A9C-B4C9-41A4FC7EAFB9}.Release|x64.ActiveCfg = Release|Any CPU
		{2C128F78-892C-4A9C-B4C9-41A4FC7EAFB9}.Release|x64.Build.0 = Release|Any CPU
		{2C128F78-892C-4A9C-B4C9-41A4FC7EAFB9}.Release|x86.ActiveCfg = Release|Any CPU
		{2C128F78-892C-4A9C-B4C9-41A4FC7EAFB9}.Release|x86.Build.0 = Release|Any CPU
		{8E9E32E8-39C7-41FA-B25C-568026AD5AB4}.Debug|Any CPU.ActiveCfg = Debug|Any CPU
		{8E9E32E8-39C7-41FA-B25C-568026AD5AB4}.Debug|Any CPU.Build.0 = Debug|Any CPU
		{8E9E32E8-39C7-41FA-B25C-568026AD5AB4}.Debug|x64.ActiveCfg = Debug|Any CPU
		{8E9E32E8-39C7-41FA-B25C-568026AD5AB4}.Debug|x64.Build.0 = Debug|Any CPU
		{8E9E32E8-39C7-41FA-B25C-568026AD5AB4}.Debug|x86.ActiveCfg = Debug|Any CPU
		{8E9E32E8-39C7-41FA-B25C-568026AD5AB4}.Debug|x86.Build.0 = Debug|Any CPU
		{8E9E32E8-39C7-41FA-B25C-568026AD5AB4}.Release|Any CPU.ActiveCfg = Release|Any CPU
		{8E9E32E8-39C7-41FA-B25C-568026AD5AB4}.Release|Any CPU.Build.0 = Release|Any CPU
		{8E9E32E8-39C7-41FA-B25C-568026AD5AB4}.Release|x64.ActiveCfg = Release|Any CPU
		{8E9E32E8-39C7-41FA-B25C-568026AD5AB4}.Release|x64.Build.0 = Release|Any CPU
		{8E9E32E8-39C7-41FA-B25C-568026AD5AB4}.Release|x86.ActiveCfg = Release|Any CPU
		{8E9E32E8-39C7-41FA-B25C-568026AD5AB4}.Release|x86.Build.0 = Release|Any CPU
		{C0A970D3-23B2-4AC3-8B52-8A621E433730}.Debug|Any CPU.ActiveCfg = Debug|Any CPU
		{C0A970D3-23B2-4AC3-8B52-8A621E433730}.Debug|Any CPU.Build.0 = Debug|Any CPU
		{C0A970D3-23B2-4AC3-8B52-8A621E433730}.Debug|x64.ActiveCfg = Debug|Any CPU
		{C0A970D3-23B2-4AC3-8B52-8A621E433730}.Debug|x64.Build.0 = Debug|Any CPU
		{C0A970D3-23B2-4AC3-8B52-8A621E433730}.Debug|x86.ActiveCfg = Debug|Any CPU
		{C0A970D3-23B2-4AC3-8B52-8A621E433730}.Debug|x86.Build.0 = Debug|Any CPU
		{C0A970D3-23B2-4AC3-8B52-8A621E433730}.Release|Any CPU.ActiveCfg = Release|Any CPU
		{C0A970D3-23B2-4AC3-8B52-8A621E433730}.Release|Any CPU.Build.0 = Release|Any CPU
		{C0A970D3-23B2-4AC3-8B52-8A621E433730}.Release|x64.ActiveCfg = Release|Any CPU
		{C0A970D3-23B2-4AC3-8B52-8A621E433730}.Release|x64.Build.0 = Release|Any CPU
		{C0A970D3-23B2-4AC3-8B52-8A621E433730}.Release|x86.ActiveCfg = Release|Any CPU
		{C0A970D3-23B2-4AC3-8B52-8A621E433730}.Release|x86.Build.0 = Release|Any CPU
		{BC52AACF-FA89-40F6-B35D-3C34D50A61A5}.Debug|Any CPU.ActiveCfg = Debug|Any CPU
		{BC52AACF-FA89-40F6-B35D-3C34D50A61A5}.Debug|Any CPU.Build.0 = Debug|Any CPU
		{BC52AACF-FA89-40F6-B35D-3C34D50A61A5}.Debug|x64.ActiveCfg = Debug|Any CPU
		{BC52AACF-FA89-40F6-B35D-3C34D50A61A5}.Debug|x64.Build.0 = Debug|Any CPU
		{BC52AACF-FA89-40F6-B35D-3C34D50A61A5}.Debug|x86.ActiveCfg = Debug|Any CPU
		{BC52AACF-FA89-40F6-B35D-3C34D50A61A5}.Debug|x86.Build.0 = Debug|Any CPU
		{BC52AACF-FA89-40F6-B35D-3C34D50A61A5}.Release|Any CPU.ActiveCfg = Release|Any CPU
		{BC52AACF-FA89-40F6-B35D-3C34D50A61A5}.Release|Any CPU.Build.0 = Release|Any CPU
		{BC52AACF-FA89-40F6-B35D-3C34D50A61A5}.Release|x64.ActiveCfg = Release|Any CPU
		{BC52AACF-FA89-40F6-B35D-3C34D50A61A5}.Release|x64.Build.0 = Release|Any CPU
		{BC52AACF-FA89-40F6-B35D-3C34D50A61A5}.Release|x86.ActiveCfg = Release|Any CPU
		{BC52AACF-FA89-40F6-B35D-3C34D50A61A5}.Release|x86.Build.0 = Release|Any CPU
		{0A92DF3C-B3FE-4D74-A7A3-0C110B8315D5}.Debug|Any CPU.ActiveCfg = Debug|Any CPU
		{0A92DF3C-B3FE-4D74-A7A3-0C110B8315D5}.Debug|Any CPU.Build.0 = Debug|Any CPU
		{0A92DF3C-B3FE-4D74-A7A3-0C110B8315D5}.Debug|x64.ActiveCfg = Debug|Any CPU
		{0A92DF3C-B3FE-4D74-A7A3-0C110B8315D5}.Debug|x64.Build.0 = Debug|Any CPU
		{0A92DF3C-B3FE-4D74-A7A3-0C110B8315D5}.Debug|x86.ActiveCfg = Debug|Any CPU
		{0A92DF3C-B3FE-4D74-A7A3-0C110B8315D5}.Debug|x86.Build.0 = Debug|Any CPU
		{0A92DF3C-B3FE-4D74-A7A3-0C110B8315D5}.Release|Any CPU.ActiveCfg = Release|Any CPU
		{0A92DF3C-B3FE-4D74-A7A3-0C110B8315D5}.Release|Any CPU.Build.0 = Release|Any CPU
		{0A92DF3C-B3FE-4D74-A7A3-0C110B8315D5}.Release|x64.ActiveCfg = Release|Any CPU
		{0A92DF3C-B3FE-4D74-A7A3-0C110B8315D5}.Release|x64.Build.0 = Release|Any CPU
		{0A92DF3C-B3FE-4D74-A7A3-0C110B8315D5}.Release|x86.ActiveCfg = Release|Any CPU
		{0A92DF3C-B3FE-4D74-A7A3-0C110B8315D5}.Release|x86.Build.0 = Release|Any CPU
		{6B7A7C11-508C-4035-840B-9F63ED19FB8B}.Debug|Any CPU.ActiveCfg = Debug|Any CPU
		{6B7A7C11-508C-4035-840B-9F63ED19FB8B}.Debug|Any CPU.Build.0 = Debug|Any CPU
		{6B7A7C11-508C-4035-840B-9F63ED19FB8B}.Debug|x64.ActiveCfg = Debug|Any CPU
		{6B7A7C11-508C-4035-840B-9F63ED19FB8B}.Debug|x64.Build.0 = Debug|Any CPU
		{6B7A7C11-508C-4035-840B-9F63ED19FB8B}.Debug|x86.ActiveCfg = Debug|Any CPU
		{6B7A7C11-508C-4035-840B-9F63ED19FB8B}.Debug|x86.Build.0 = Debug|Any CPU
		{6B7A7C11-508C-4035-840B-9F63ED19FB8B}.Release|Any CPU.ActiveCfg = Release|Any CPU
		{6B7A7C11-508C-4035-840B-9F63ED19FB8B}.Release|Any CPU.Build.0 = Release|Any CPU
		{6B7A7C11-508C-4035-840B-9F63ED19FB8B}.Release|x64.ActiveCfg = Release|Any CPU
		{6B7A7C11-508C-4035-840B-9F63ED19FB8B}.Release|x64.Build.0 = Release|Any CPU
		{6B7A7C11-508C-4035-840B-9F63ED19FB8B}.Release|x86.ActiveCfg = Release|Any CPU
		{6B7A7C11-508C-4035-840B-9F63ED19FB8B}.Release|x86.Build.0 = Release|Any CPU
		{CFBDA061-2B63-4274-9409-D6E25A4BADEB}.Debug|Any CPU.ActiveCfg = Debug|Any CPU
		{CFBDA061-2B63-4274-9409-D6E25A4BADEB}.Debug|Any CPU.Build.0 = Debug|Any CPU
		{CFBDA061-2B63-4274-9409-D6E25A4BADEB}.Debug|x64.ActiveCfg = Debug|Any CPU
		{CFBDA061-2B63-4274-9409-D6E25A4BADEB}.Debug|x64.Build.0 = Debug|Any CPU
		{CFBDA061-2B63-4274-9409-D6E25A4BADEB}.Debug|x86.ActiveCfg = Debug|Any CPU
		{CFBDA061-2B63-4274-9409-D6E25A4BADEB}.Debug|x86.Build.0 = Debug|Any CPU
		{CFBDA061-2B63-4274-9409-D6E25A4BADEB}.Release|Any CPU.ActiveCfg = Release|Any CPU
		{CFBDA061-2B63-4274-9409-D6E25A4BADEB}.Release|Any CPU.Build.0 = Release|Any CPU
		{CFBDA061-2B63-4274-9409-D6E25A4BADEB}.Release|x64.ActiveCfg = Release|Any CPU
		{CFBDA061-2B63-4274-9409-D6E25A4BADEB}.Release|x64.Build.0 = Release|Any CPU
		{CFBDA061-2B63-4274-9409-D6E25A4BADEB}.Release|x86.ActiveCfg = Release|Any CPU
		{CFBDA061-2B63-4274-9409-D6E25A4BADEB}.Release|x86.Build.0 = Release|Any CPU
		{A8A8BD1E-9749-4401-9545-5BC90F8421A9}.Debug|Any CPU.ActiveCfg = Debug|Any CPU
		{A8A8BD1E-9749-4401-9545-5BC90F8421A9}.Debug|Any CPU.Build.0 = Debug|Any CPU
		{A8A8BD1E-9749-4401-9545-5BC90F8421A9}.Debug|x64.ActiveCfg = Debug|Any CPU
		{A8A8BD1E-9749-4401-9545-5BC90F8421A9}.Debug|x64.Build.0 = Debug|Any CPU
		{A8A8BD1E-9749-4401-9545-5BC90F8421A9}.Debug|x86.ActiveCfg = Debug|Any CPU
		{A8A8BD1E-9749-4401-9545-5BC90F8421A9}.Debug|x86.Build.0 = Debug|Any CPU
		{A8A8BD1E-9749-4401-9545-5BC90F8421A9}.Release|Any CPU.ActiveCfg = Release|Any CPU
		{A8A8BD1E-9749-4401-9545-5BC90F8421A9}.Release|Any CPU.Build.0 = Release|Any CPU
		{A8A8BD1E-9749-4401-9545-5BC90F8421A9}.Release|x64.ActiveCfg = Release|Any CPU
		{A8A8BD1E-9749-4401-9545-5BC90F8421A9}.Release|x64.Build.0 = Release|Any CPU
		{A8A8BD1E-9749-4401-9545-5BC90F8421A9}.Release|x86.ActiveCfg = Release|Any CPU
		{A8A8BD1E-9749-4401-9545-5BC90F8421A9}.Release|x86.Build.0 = Release|Any CPU
		{6C7B88DF-B120-4C4E-AB28-36ACE4CE2C16}.Debug|Any CPU.ActiveCfg = Debug|Any CPU
		{6C7B88DF-B120-4C4E-AB28-36ACE4CE2C16}.Debug|Any CPU.Build.0 = Debug|Any CPU
		{6C7B88DF-B120-4C4E-AB28-36ACE4CE2C16}.Debug|x64.ActiveCfg = Debug|Any CPU
		{6C7B88DF-B120-4C4E-AB28-36ACE4CE2C16}.Debug|x64.Build.0 = Debug|Any CPU
		{6C7B88DF-B120-4C4E-AB28-36ACE4CE2C16}.Debug|x86.ActiveCfg = Debug|Any CPU
		{6C7B88DF-B120-4C4E-AB28-36ACE4CE2C16}.Debug|x86.Build.0 = Debug|Any CPU
		{6C7B88DF-B120-4C4E-AB28-36ACE4CE2C16}.Release|Any CPU.ActiveCfg = Release|Any CPU
		{6C7B88DF-B120-4C4E-AB28-36ACE4CE2C16}.Release|Any CPU.Build.0 = Release|Any CPU
		{6C7B88DF-B120-4C4E-AB28-36ACE4CE2C16}.Release|x64.ActiveCfg = Release|Any CPU
		{6C7B88DF-B120-4C4E-AB28-36ACE4CE2C16}.Release|x64.Build.0 = Release|Any CPU
		{6C7B88DF-B120-4C4E-AB28-36ACE4CE2C16}.Release|x86.ActiveCfg = Release|Any CPU
		{6C7B88DF-B120-4C4E-AB28-36ACE4CE2C16}.Release|x86.Build.0 = Release|Any CPU
		{B7D5BC3B-2983-4071-82B0-5F8CCB7A28EC}.Debug|Any CPU.ActiveCfg = Debug|Any CPU
		{B7D5BC3B-2983-4071-82B0-5F8CCB7A28EC}.Debug|Any CPU.Build.0 = Debug|Any CPU
		{B7D5BC3B-2983-4071-82B0-5F8CCB7A28EC}.Debug|x64.ActiveCfg = Debug|Any CPU
		{B7D5BC3B-2983-4071-82B0-5F8CCB7A28EC}.Debug|x64.Build.0 = Debug|Any CPU
		{B7D5BC3B-2983-4071-82B0-5F8CCB7A28EC}.Debug|x86.ActiveCfg = Debug|Any CPU
		{B7D5BC3B-2983-4071-82B0-5F8CCB7A28EC}.Debug|x86.Build.0 = Debug|Any CPU
		{B7D5BC3B-2983-4071-82B0-5F8CCB7A28EC}.Release|Any CPU.ActiveCfg = Release|Any CPU
		{B7D5BC3B-2983-4071-82B0-5F8CCB7A28EC}.Release|Any CPU.Build.0 = Release|Any CPU
		{B7D5BC3B-2983-4071-82B0-5F8CCB7A28EC}.Release|x64.ActiveCfg = Release|Any CPU
		{B7D5BC3B-2983-4071-82B0-5F8CCB7A28EC}.Release|x64.Build.0 = Release|Any CPU
		{B7D5BC3B-2983-4071-82B0-5F8CCB7A28EC}.Release|x86.ActiveCfg = Release|Any CPU
		{B7D5BC3B-2983-4071-82B0-5F8CCB7A28EC}.Release|x86.Build.0 = Release|Any CPU
		{CAF100CB-E359-4530-A8B8-6DF3677B359A}.Debug|Any CPU.ActiveCfg = Debug|Any CPU
		{CAF100CB-E359-4530-A8B8-6DF3677B359A}.Debug|Any CPU.Build.0 = Debug|Any CPU
		{CAF100CB-E359-4530-A8B8-6DF3677B359A}.Debug|x64.ActiveCfg = Debug|Any CPU
		{CAF100CB-E359-4530-A8B8-6DF3677B359A}.Debug|x64.Build.0 = Debug|Any CPU
		{CAF100CB-E359-4530-A8B8-6DF3677B359A}.Debug|x86.ActiveCfg = Debug|Any CPU
		{CAF100CB-E359-4530-A8B8-6DF3677B359A}.Debug|x86.Build.0 = Debug|Any CPU
		{CAF100CB-E359-4530-A8B8-6DF3677B359A}.Release|Any CPU.ActiveCfg = Release|Any CPU
		{CAF100CB-E359-4530-A8B8-6DF3677B359A}.Release|Any CPU.Build.0 = Release|Any CPU
		{CAF100CB-E359-4530-A8B8-6DF3677B359A}.Release|x64.ActiveCfg = Release|Any CPU
		{CAF100CB-E359-4530-A8B8-6DF3677B359A}.Release|x64.Build.0 = Release|Any CPU
		{CAF100CB-E359-4530-A8B8-6DF3677B359A}.Release|x86.ActiveCfg = Release|Any CPU
		{CAF100CB-E359-4530-A8B8-6DF3677B359A}.Release|x86.Build.0 = Release|Any CPU
		{E8F5D623-F837-4C91-8309-10E0DD20632E}.Debug|Any CPU.ActiveCfg = Debug|Any CPU
		{E8F5D623-F837-4C91-8309-10E0DD20632E}.Debug|Any CPU.Build.0 = Debug|Any CPU
		{E8F5D623-F837-4C91-8309-10E0DD20632E}.Debug|x64.ActiveCfg = Debug|Any CPU
		{E8F5D623-F837-4C91-8309-10E0DD20632E}.Debug|x64.Build.0 = Debug|Any CPU
		{E8F5D623-F837-4C91-8309-10E0DD20632E}.Debug|x86.ActiveCfg = Debug|Any CPU
		{E8F5D623-F837-4C91-8309-10E0DD20632E}.Debug|x86.Build.0 = Debug|Any CPU
		{E8F5D623-F837-4C91-8309-10E0DD20632E}.Release|Any CPU.ActiveCfg = Release|Any CPU
		{E8F5D623-F837-4C91-8309-10E0DD20632E}.Release|Any CPU.Build.0 = Release|Any CPU
		{E8F5D623-F837-4C91-8309-10E0DD20632E}.Release|x64.ActiveCfg = Release|Any CPU
		{E8F5D623-F837-4C91-8309-10E0DD20632E}.Release|x64.Build.0 = Release|Any CPU
		{E8F5D623-F837-4C91-8309-10E0DD20632E}.Release|x86.ActiveCfg = Release|Any CPU
		{E8F5D623-F837-4C91-8309-10E0DD20632E}.Release|x86.Build.0 = Release|Any CPU
		{CF2AB885-1630-4632-98D6-1132F7AD79E3}.Debug|Any CPU.ActiveCfg = Debug|Any CPU
		{CF2AB885-1630-4632-98D6-1132F7AD79E3}.Debug|Any CPU.Build.0 = Debug|Any CPU
		{CF2AB885-1630-4632-98D6-1132F7AD79E3}.Debug|x64.ActiveCfg = Debug|Any CPU
		{CF2AB885-1630-4632-98D6-1132F7AD79E3}.Debug|x64.Build.0 = Debug|Any CPU
		{CF2AB885-1630-4632-98D6-1132F7AD79E3}.Debug|x86.ActiveCfg = Debug|Any CPU
		{CF2AB885-1630-4632-98D6-1132F7AD79E3}.Debug|x86.Build.0 = Debug|Any CPU
		{CF2AB885-1630-4632-98D6-1132F7AD79E3}.Release|Any CPU.ActiveCfg = Release|Any CPU
		{CF2AB885-1630-4632-98D6-1132F7AD79E3}.Release|Any CPU.Build.0 = Release|Any CPU
		{CF2AB885-1630-4632-98D6-1132F7AD79E3}.Release|x64.ActiveCfg = Release|Any CPU
		{CF2AB885-1630-4632-98D6-1132F7AD79E3}.Release|x64.Build.0 = Release|Any CPU
		{CF2AB885-1630-4632-98D6-1132F7AD79E3}.Release|x86.ActiveCfg = Release|Any CPU
		{CF2AB885-1630-4632-98D6-1132F7AD79E3}.Release|x86.Build.0 = Release|Any CPU
		{759AE610-49CD-4C79-9FD7-8A4DD5134902}.Debug|Any CPU.ActiveCfg = Debug|Any CPU
		{759AE610-49CD-4C79-9FD7-8A4DD5134902}.Debug|Any CPU.Build.0 = Debug|Any CPU
		{759AE610-49CD-4C79-9FD7-8A4DD5134902}.Debug|x64.ActiveCfg = Debug|Any CPU
		{759AE610-49CD-4C79-9FD7-8A4DD5134902}.Debug|x64.Build.0 = Debug|Any CPU
		{759AE610-49CD-4C79-9FD7-8A4DD5134902}.Debug|x86.ActiveCfg = Debug|Any CPU
		{759AE610-49CD-4C79-9FD7-8A4DD5134902}.Debug|x86.Build.0 = Debug|Any CPU
		{759AE610-49CD-4C79-9FD7-8A4DD5134902}.Release|Any CPU.ActiveCfg = Release|Any CPU
		{759AE610-49CD-4C79-9FD7-8A4DD5134902}.Release|Any CPU.Build.0 = Release|Any CPU
		{759AE610-49CD-4C79-9FD7-8A4DD5134902}.Release|x64.ActiveCfg = Release|Any CPU
		{759AE610-49CD-4C79-9FD7-8A4DD5134902}.Release|x64.Build.0 = Release|Any CPU
		{759AE610-49CD-4C79-9FD7-8A4DD5134902}.Release|x86.ActiveCfg = Release|Any CPU
		{759AE610-49CD-4C79-9FD7-8A4DD5134902}.Release|x86.Build.0 = Release|Any CPU
	EndGlobalSection
	GlobalSection(NestedProjects) = preSolution
		{B159A631-B4B0-4B5D-B7DB-EF847F2B2FFF} = {ED469320-654F-407C-A98B-742101F53B43}
		{A7ADC9CD-9D39-44C4-A8AB-C6ABF21DC3E7} = {5CA2E9B8-C208-4374-8C81-AE640FE52F7B}
		{E32CA07A-FBBB-483B-8F9E-E2698E36D042} = {39453D85-5362-41FA-A9C5-2F3BC4AFB79B}
		{798C6056-F029-4739-BA32-307F543612C3} = {CBDB1752-3FB5-4A31-98C1-6BD74C37DAA4}
		{C2074E62-5845-4C85-A224-CA2ED08C47CE} = {64FBAF80-5CA9-4692-A1CF-688901C75B2C}
		{2C128F78-892C-4A9C-B4C9-41A4FC7EAFB9} = {999AEAAE-30FE-459C-AAD5-E1178BA14100}
		{8E9E32E8-39C7-41FA-B25C-568026AD5AB4} = {38897160-414A-4E96-BF6C-4334AF527A3C}
		{C0A970D3-23B2-4AC3-8B52-8A621E433730} = {7F93D323-0AE0-4D50-A160-1E1362C2543E}
		{BC52AACF-FA89-40F6-B35D-3C34D50A61A5} = {5FCA41F8-56C6-485F-80D5-C7F0D62FE8AA}
		{0A92DF3C-B3FE-4D74-A7A3-0C110B8315D5} = {39453D85-5362-41FA-A9C5-2F3BC4AFB79B}
		{6B7A7C11-508C-4035-840B-9F63ED19FB8B} = {5CA2E9B8-C208-4374-8C81-AE640FE52F7B}
		{CFBDA061-2B63-4274-9409-D6E25A4BADEB} = {ED469320-654F-407C-A98B-742101F53B43}
		{A8A8BD1E-9749-4401-9545-5BC90F8421A9} = {38897160-414A-4E96-BF6C-4334AF527A3C}
		{6C7B88DF-B120-4C4E-AB28-36ACE4CE2C16} = {7F93D323-0AE0-4D50-A160-1E1362C2543E}
		{B7D5BC3B-2983-4071-82B0-5F8CCB7A28EC} = {5FCA41F8-56C6-485F-80D5-C7F0D62FE8AA}
		{CAF100CB-E359-4530-A8B8-6DF3677B359A} = {999AEAAE-30FE-459C-AAD5-E1178BA14100}
		{E8F5D623-F837-4C91-8309-10E0DD20632E} = {CBDB1752-3FB5-4A31-98C1-6BD74C37DAA4}
		{CF2AB885-1630-4632-98D6-1132F7AD79E3} = {64FBAF80-5CA9-4692-A1CF-688901C75B2C}
		{759AE610-49CD-4C79-9FD7-8A4DD5134902} = {E0DCADD1-9C2D-48E7-9E04-CF917D73D9DF}
	EndGlobalSection
EndGlobal
